
Microsoft Visual Studio Solution File, Format Version 12.00
# Visual Studio Version 16
VisualStudioVersion = 16.0.30804.86
MinimumVisualStudioVersion = 10.0.40219.1
Project("{FAE04EC0-301F-11D3-BF4B-00C04F79EFBC}") = "NanoswarmHive", "NanoswarmHive\NanoswarmHive.csproj", "{BD152AAF-0720-4943-A146-218C42942908}"
	ProjectSection(ProjectDependencies) = postProject
		{77BDDCD4-B228-418B-98FD-FAFE9077CBD0} = {77BDDCD4-B228-418B-98FD-FAFE9077CBD0}
	EndProjectSection
EndProject
Project("{FAE04EC0-301F-11D3-BF4B-00C04F79EFBC}") = "Nanocore", "Nanocore\Nanocore.csproj", "{77BDDCD4-B228-418B-98FD-FAFE9077CBD0}"
EndProject
Global
	GlobalSection(SolutionConfigurationPlatforms) = preSolution
		Debug|x86 = Debug|x86
		Release|x86 = Release|x86
	EndGlobalSection
	GlobalSection(ProjectConfigurationPlatforms) = postSolution
		{BD152AAF-0720-4943-A146-218C42942908}.Debug|x86.ActiveCfg = Debug|x86
		{BD152AAF-0720-4943-A146-218C42942908}.Debug|x86.Build.0 = Debug|x86
		{BD152AAF-0720-4943-A146-218C42942908}.Release|x86.ActiveCfg = Release|x86
		{BD152AAF-0720-4943-A146-218C42942908}.Release|x86.Build.0 = Release|x86
		{77BDDCD4-B228-418B-98FD-FAFE9077CBD0}.Debug|x86.ActiveCfg = Debug|x86
		{77BDDCD4-B228-418B-98FD-FAFE9077CBD0}.Debug|x86.Build.0 = Debug|x86
		{77BDDCD4-B228-418B-98FD-FAFE9077CBD0}.Release|x86.ActiveCfg = Release|x86
		{77BDDCD4-B228-418B-98FD-FAFE9077CBD0}.Release|x86.Build.0 = Release|x86
	EndGlobalSection
	GlobalSection(SolutionProperties) = preSolution
		HideSolutionNode = FALSE
	EndGlobalSection
	GlobalSection(ExtensibilityGlobals) = postSolution
		SolutionGuid = {C51459A2-992F-4731-AC6C-37004B779240}
	EndGlobalSection
EndGlobal
